dependencies:
- name: postgresql
  repository: https://charts.bitnami.com/bitnami
  version: 10.1.1
- name: redis
  repository: https://charts.bitnami.com/bitnami
  version: 12.1.1
- name: rabbitmq
  repository: https://charts.bitnami.com/bitnami
  version: 8.2.0
digest: sha256:3ea8706a71ae3fa5c010c9131fcba2241d285511df0517f986adbdcb9834e3c1
generated: "2020-12-04T14:38:44.3882824+03:00"
